
Microsoft Visual Studio Solution File, Format Version 12.00
# Visual Studio Version 16
VisualStudioVersion = 16.0.29613.14
MinimumVisualStudioVersion = 10.0.40219.1
Project("{FAE04EC0-301F-11D3-BF4B-00C04F79EFBC}") = "ConcurrencyWizardLibrary", "ConcurrencyWizardLibrary.csproj", "{59EBF4B5-9529-4D37-8E6E-824423DCC13A}"
EndProject
Project("{F2A71F9B-5D33-465A-A702-920D77279786}") = "ConcurrencyWizardLibraryFSharp", "..\ConcurrencyWizardLibraryFSharp\ConcurrencyWizardLibraryFSharp.fsproj", "{7760C63D-959B-4C63-A5B0-56A45239652D}"
EndProject
Global
	GlobalSection(SolutionConfigurationPlatforms) = preSolution
		Debug|Any CPU = Debug|Any CPU
		Release|Any CPU = Release|Any CPU
	EndGlobalSection
	GlobalSection(ProjectConfigurationPlatforms) = postSolution
		{59EBF4B5-9529-4D37-8E6E-824423DCC13A}.Debug|Any CPU.ActiveCfg = Debug|Any CPU
		{59EBF4B5-9529-4D37-8E6E-824423DCC13A}.Debug|Any CPU.Build.0 = Debug|Any CPU
		{59EBF4B5-9529-4D37-8E6E-824423DCC13A}.Release|Any CPU.ActiveCfg = Release|Any CPU
		{59EBF4B5-9529-4D37-8E6E-824423DCC13A}.Release|Any CPU.Build.0 = Release|Any CPU
		{7760C63D-959B-4C63-A5B0-56A45239652D}.Debug|Any CPU.ActiveCfg = Debug|Any CPU
		{7760C63D-959B-4C63-A5B0-56A45239652D}.Debug|Any CPU.Build.0 = Debug|Any CPU
		{7760C63D-959B-4C63-A5B0-56A45239652D}.Release|Any CPU.ActiveCfg = Release|Any CPU
		{7760C63D-959B-4C63-A5B0-56A45239652D}.Release|Any CPU.Build.0 = Release|Any CPU
	EndGlobalSection
	GlobalSection(SolutionProperties) = preSolution
		HideSolutionNode = FALSE
	EndGlobalSection
	GlobalSection(ExtensibilityGlobals) = postSolution
		SolutionGuid = {2C8A78EA-FA96-4622-A69D-BB40D40B2F5D}
	EndGlobalSection
EndGlobal
